
Microsoft Visual Studio Solution File, Format Version 12.00
# Visual Studio Version 17
VisualStudioVersion = 17.8.34511.84
MinimumVisualStudioVersion = 10.0.40219.1
Project("{FAE04EC0-301F-11D3-BF4B-00C04F79EFBC}") = "SettupSCE", "SettupSCE.csproj", "{9EAF918D-9506-477C-8E15-13DA4D20876D}"
EndProject
Global
	GlobalSection(SolutionConfigurationPlatforms) = preSolution
		Debug|Any CPU = Debug|Any CPU
		Release|Any CPU = Release|Any CPU
	EndGlobalSection
	GlobalSection(ProjectConfigurationPlatforms) = postSolution
		{9EAF918D-9506-477C-8E15-13DA4D20876D}.Debug|Any CPU.ActiveCfg = Debug|Any CPU
		{9EAF918D-9506-477C-8E15-13DA4D20876D}.Debug|Any CPU.Build.0 = Debug|Any CPU
		{9EAF918D-9506-477C-8E15-13DA4D20876D}.Release|Any CPU.ActiveCfg = Release|Any CPU
		{9EAF918D-9506-477C-8E15-13DA4D20876D}.Release|Any CPU.Build.0 = Release|Any CPU
	EndGlobalSection
	GlobalSection(SolutionProperties) = preSolution
		HideSolutionNode = FALSE
	EndGlobalSection
	GlobalSection(ExtensibilityGlobals) = postSolution
		SolutionGuid = {067DA7A2-7613-49FD-AA76-F9A370224E3B}
	EndGlobalSection
EndGlobal
